
Microsoft Visual Studio Solution File, Format Version 12.00
# Visual Studio Version 17
VisualStudioVersion = 17.11.35312.102
MinimumVisualStudioVersion = 10.0.40219.1
Project("{9A19103F-16F7-4668-BE54-9A1E7A4F7556}") = "LibrarySystem.Models", "LibrarySystem.Models\LibrarySystem.Models.csproj", "{D2063E30-17AA-4F02-B602-02DF2916D20A}"
EndProject
Project("{9A19103F-16F7-4668-BE54-9A1E7A4F7556}") = "LibrarySystem.Data", "LibrarySystem.Data\LibrarySystem.Data.csproj", "{3A7B5BC7-D8BA-4759-9E7A-64E408D33C45}"
EndProject
Project("{9A19103F-16F7-4668-BE54-9A1E7A4F7556}") = "LibrarySystem.Web", "LibrarySystem.Web\LibrarySystem.Web.csproj", "{C91FD488-0ECB-4AAF-811E-401DAE81258C}"
EndProject
Project("{9A19103F-16F7-4668-BE54-9A1E7A4F7556}") = "LibrarySystem.Services", "LibrarySystem.Services\LibrarySystem.Services.csproj", "{C7BE765F-B187-45BC-BA19-1B69D6B81E2F}"
EndProject
Project("{9A19103F-16F7-4668-BE54-9A1E7A4F7556}") = "LibrarySystem.Utility", "LibrarySystem.Utility\LibrarySystem.Utility.csproj", "{951412CF-AA74-452C-BD64-BA262C5B1170}"
EndProject
Project("{FAE04EC0-301F-11D3-BF4B-00C04F79EFBC}") = "LibrarySystem.Shared", "LibrarySystem.Shared\LibrarySystem.Shared.csproj", "{B66C97C4-1A24-44CC-9320-ECCFBACE5517}"
EndProject
Global
	GlobalSection(SolutionConfigurationPlatforms) = preSolution
		Debug|Any CPU = Debug|Any CPU
		Release|Any CPU = Release|Any CPU
	EndGlobalSection
	GlobalSection(ProjectConfigurationPlatforms) = postSolution
		{D2063E30-17AA-4F02-B602-02DF2916D20A}.Debug|Any CPU.ActiveCfg = Debug|Any CPU
		{D2063E30-17AA-4F02-B602-02DF2916D20A}.Debug|Any CPU.Build.0 = Debug|Any CPU
		{D2063E30-17AA-4F02-B602-02DF2916D20A}.Release|Any CPU.ActiveCfg = Release|Any CPU
		{D2063E30-17AA-4F02-B602-02DF2916D20A}.Release|Any CPU.Build.0 = Release|Any CPU
		{3A7B5BC7-D8BA-4759-9E7A-64E408D33C45}.Debug|Any CPU.ActiveCfg = Debug|Any CPU
		{3A7B5BC7-D8BA-4759-9E7A-64E408D33C45}.Debug|Any CPU.Build.0 = Debug|Any CPU
		{3A7B5BC7-D8BA-4759-9E7A-64E408D33C45}.Release|Any CPU.ActiveCfg = Release|Any CPU
		{3A7B5BC7-D8BA-4759-9E7A-64E408D33C45}.Release|Any CPU.Build.0 = Release|Any CPU
		{C91FD488-0ECB-4AAF-811E-401DAE81258C}.Debug|Any CPU.ActiveCfg = Debug|Any CPU
		{C91FD488-0ECB-4AAF-811E-401DAE81258C}.Debug|Any CPU.Build.0 = Debug|Any CPU
		{C91FD488-0ECB-4AAF-811E-401DAE81258C}.Release|Any CPU.ActiveCfg = Release|Any CPU
		{C91FD488-0ECB-4AAF-811E-401DAE81258C}.Release|Any CPU.Build.0 = Release|Any CPU
		{C7BE765F-B187-45BC-BA19-1B69D6B81E2F}.Debug|Any CPU.ActiveCfg = Debug|Any CPU
		{C7BE765F-B187-45BC-BA19-1B69D6B81E2F}.Debug|Any CPU.Build.0 = Debug|Any CPU
		{C7BE765F-B187-45BC-BA19-1B69D6B81E2F}.Release|Any CPU.ActiveCfg = Release|Any CPU
		{C7BE765F-B187-45BC-BA19-1B69D6B81E2F}.Release|Any CPU.Build.0 = Release|Any CPU
		{951412CF-AA74-452C-BD64-BA262C5B1170}.Debug|Any CPU.ActiveCfg = Debug|Any CPU
		{951412CF-AA74-452C-BD64-BA262C5B1170}.Debug|Any CPU.Build.0 = Debug|Any CPU
		{951412CF-AA74-452C-BD64-BA262C5B1170}.Release|Any CPU.ActiveCfg = Release|Any CPU
		{951412CF-AA74-452C-BD64-BA262C5B1170}.Release|Any CPU.Build.0 = Release|Any CPU
		{B66C97C4-1A24-44CC-9320-ECCFBACE5517}.Debug|Any CPU.ActiveCfg = Debug|Any CPU
		{B66C97C4-1A24-44CC-9320-ECCFBACE5517}.Debug|Any CPU.Build.0 = Debug|Any CPU
		{B66C97C4-1A24-44CC-9320-ECCFBACE5517}.Release|Any CPU.ActiveCfg = Release|Any CPU
		{B66C97C4-1A24-44CC-9320-ECCFBACE5517}.Release|Any CPU.Build.0 = Release|Any CPU
	EndGlobalSection
	GlobalSection(SolutionProperties) = preSolution
		HideSolutionNode = FALSE
	EndGlobalSection
	GlobalSection(ExtensibilityGlobals) = postSolution
		SolutionGuid = {9F9AA35A-E704-412C-B9A3-04FD08D3C6BC}
	EndGlobalSection
EndGlobal
